
Microsoft Visual Studio Solution File, Format Version 12.00
# Visual Studio Version 16
VisualStudioVersion = 16.0.30330.147
MinimumVisualStudioVersion = 10.0.40219.1
Project("{FAE04EC0-301F-11D3-BF4B-00C04F79EFBC}") = "ColegioSinco", "ColegioSinco\ColegioSinco.csproj", "{584BAFE5-2F34-47F6-A8F7-671AD31F299F}"
EndProject
Global
	GlobalSection(SolutionConfigurationPlatforms) = preSolution
		Debug|Any CPU = Debug|Any CPU
		Release|Any CPU = Release|Any CPU
	EndGlobalSection
	GlobalSection(ProjectConfigurationPlatforms) = postSolution
		{584BAFE5-2F34-47F6-A8F7-671AD31F299F}.Debug|Any CPU.ActiveCfg = Debug|Any CPU
		{584BAFE5-2F34-47F6-A8F7-671AD31F299F}.Debug|Any CPU.Build.0 = Debug|Any CPU
		{584BAFE5-2F34-47F6-A8F7-671AD31F299F}.Release|Any CPU.ActiveCfg = Release|Any CPU
		{584BAFE5-2F34-47F6-A8F7-671AD31F299F}.Release|Any CPU.Build.0 = Release|Any CPU
	EndGlobalSection
	GlobalSection(SolutionProperties) = preSolution
		HideSolutionNode = FALSE
	EndGlobalSection
	GlobalSection(ExtensibilityGlobals) = postSolution
		SolutionGuid = {C65864D0-4A05-417E-97EE-1EB7E58FFF75}
	EndGlobalSection
EndGlobal
